
Microsoft Visual Studio Solution File, Format Version 12.00
# Visual Studio Version 17
VisualStudioVersion = 17.3.32929.385
MinimumVisualStudioVersion = 10.0.40219.1
Project("{FAE04EC0-301F-11D3-BF4B-00C04F79EFBC}") = "MagicVilla_API", "MagicVilla_API\MagicVilla_API.csproj", "{FAD88E23-F20F-4792-B7AE-329B1D89D249}"
EndProject
Global
	GlobalSection(SolutionConfigurationPlatforms) = preSolution
		Debug|Any CPU = Debug|Any CPU
		Release|Any CPU = Release|Any CPU
	EndGlobalSection
	GlobalSection(ProjectConfigurationPlatforms) = postSolution
		{FAD88E23-F20F-4792-B7AE-329B1D89D249}.Debug|Any CPU.ActiveCfg = Debug|Any CPU
		{FAD88E23-F20F-4792-B7AE-329B1D89D249}.Debug|Any CPU.Build.0 = Debug|Any CPU
		{FAD88E23-F20F-4792-B7AE-329B1D89D249}.Release|Any CPU.ActiveCfg = Release|Any CPU
		{FAD88E23-F20F-4792-B7AE-329B1D89D249}.Release|Any CPU.Build.0 = Release|Any CPU
	EndGlobalSection
	GlobalSection(SolutionProperties) = preSolution
		HideSolutionNode = FALSE
	EndGlobalSection
	GlobalSection(ExtensibilityGlobals) = postSolution
		SolutionGuid = {0C649922-7627-4411-A338-87462E42CBCD}
	EndGlobalSection
EndGlobal
